// !$*UTF8*$!
{
	archiveVersion = 1;
	classes = {
	};
	objectVersion = 46;
	objects = {

/* Begin PBXContainerItemProxy section */
		871908091D921DE80048A43F /* PBXContainerItemProxy */ = {
			isa = PBXContainerItemProxy;
			containerPortal = 871907C61D921D570048A43F /* macOS.xcodeproj */;
			proxyType = 2;
			remoteGlobalIDString = 871907EE1D921DCC0048A43F;
			remoteInfo = LaObjet;
		};
		8719080B1D921DE80048A43F /* PBXContainerItemProxy */ = {
			isa = PBXContainerItemProxy;
			containerPortal = 871907C61D921D570048A43F /* macOS.xcodeproj */;
			proxyType = 2;
			remoteGlobalIDString = 871907F71D921DCC0048A43F;
			remoteInfo = LaObjetTests;
		};
		871908361D922EB30048A43F /* PBXContainerItemProxy */ = {
			isa = PBXContainerItemProxy;
			containerPortal = 871907D01D921D750048A43F /* iOS.xcodeproj */;
			proxyType = 2;
			remoteGlobalIDString = 871908171D9227D90048A43F;
			remoteInfo = LaObjets;
		};
		871908381D922EB30048A43F /* PBXContainerItemProxy */ = {
			isa = PBXContainerItemProxy;
			containerPortal = 871907D01D921D750048A43F /* iOS.xcodeproj */;
			proxyType = 2;
			remoteGlobalIDString = 871908201D9227DA0048A43F;
			remoteInfo = LaObjetsTests;
		};
		871908601D924CD00048A43F /* PBXContainerItemProxy */ = {
			isa = PBXContainerItemProxy;
			containerPortal = 871907C61D921D570048A43F /* macOS.xcodeproj */;
			proxyType = 2;
			remoteGlobalIDString = 871908461D92424F0048A43F;
			remoteInfo = MNIST;
		};
		871908621D924CD00048A43F /* PBXContainerItemProxy */ = {
			isa = PBXContainerItemProxy;
			containerPortal = 871907C61D921D570048A43F /* macOS.xcodeproj */;
			proxyType = 2;
			remoteGlobalIDString = 871908551D924CCD0048A43F;
			remoteInfo = CIFAR10;
		};
		8719088D1D9253DE0048A43F /* PBXContainerItemProxy */ = {
			isa = PBXContainerItemProxy;
			containerPortal = 871907C61D921D570048A43F /* macOS.xcodeproj */;
			proxyType = 2;
			remoteGlobalIDString = 8719086E1D9252F30048A43F;
			remoteInfo = C3;
		};
		8719088F1D9253DE0048A43F /* PBXContainerItemProxy */ = {
			isa = PBXContainerItemProxy;
			containerPortal = 871907C61D921D570048A43F /* macOS.xcodeproj */;
			proxyType = 2;
			remoteGlobalIDString = 871908761D9252F30048A43F;
			remoteInfo = C3Tests;
		};
		871E159D1D9530D600739047 /* PBXContainerItemProxy */ = {
			isa = PBXContainerItemProxy;
			containerPortal = 871907C61D921D570048A43F /* macOS.xcodeproj */;
			proxyType = 2;
			remoteGlobalIDString = 871E15831D95308400739047;
			remoteInfo = Distribution;
		};
		871E159F1D9530D600739047 /* PBXContainerItemProxy */ = {
			isa = PBXContainerItemProxy;
			containerPortal = 871907C61D921D570048A43F /* macOS.xcodeproj */;
			proxyType = 2;
			remoteGlobalIDString = 871E158B1D95308500739047;
			remoteInfo = DistributionTests;
		};
		871E15E61D9A065B00739047 /* PBXContainerItemProxy */ = {
			isa = PBXContainerItemProxy;
			containerPortal = 871907C61D921D570048A43F /* macOS.xcodeproj */;
			proxyType = 2;
			remoteGlobalIDString = 871E15C81D9A01FD00739047;
			remoteInfo = Optimizer;
		};
		871E15E81D9A065B00739047 /* PBXContainerItemProxy */ = {
			isa = PBXContainerItemProxy;
			containerPortal = 871907C61D921D570048A43F /* macOS.xcodeproj */;
			proxyType = 2;
			remoteGlobalIDString = 871E15D01D9A01FD00739047;
			remoteInfo = OptimizerTests;
		};
		871E160D1D9A17F900739047 /* PBXContainerItemProxy */ = {
			isa = PBXContainerItemProxy;
			containerPortal = 871907C61D921D570048A43F /* macOS.xcodeproj */;
			proxyType = 2;
			remoteGlobalIDString = 871E15F31D9A17F300739047;
			remoteInfo = Maschine;
		};
		871E160F1D9A17F900739047 /* PBXContainerItemProxy */ = {
			isa = PBXContainerItemProxy;
			containerPortal = 871907C61D921D570048A43F /* macOS.xcodeproj */;
			proxyType = 2;
			remoteGlobalIDString = 871E15FB1D9A17F300739047;
			remoteInfo = MaschineTests;
		};
		8752984A1DA3723900F28C50 /* PBXContainerItemProxy */ = {
			isa = PBXContainerItemProxy;
			containerPortal = 871907C61D921D570048A43F /* macOS.xcodeproj */;
			proxyType = 2;
			remoteGlobalIDString = 875298301DA3721A00F28C50;
			remoteInfo = Brass;
		};
		8752984C1DA3723900F28C50 /* PBXContainerItemProxy */ = {
			isa = PBXContainerItemProxy;
			containerPortal = 871907C61D921D570048A43F /* macOS.xcodeproj */;
			proxyType = 2;
			remoteGlobalIDString = 875298381DA3721B00F28C50;
			remoteInfo = BrassTests;
		};
/* End PBXContainerItemProxy section */

/* Begin PBXFileReference section */
		871907C61D921D570048A43F /* macOS.xcodeproj */ = {isa = PBXFileReference; lastKnownFileType = "wrapper.pb-project"; name = macOS.xcodeproj; path = macOS/macOS.xcodeproj; sourceTree = "<group>"; };
		871907D01D921D750048A43F /* iOS.xcodeproj */ = {isa = PBXFileReference; lastKnownFileType = "wrapper.pb-project"; name = iOS.xcodeproj; path = iOS/iOS.xcodeproj; sourceTree = "<group>"; };
		871907DA1D921D840048A43F /* tvOS.xcodeproj */ = {isa = PBXFileReference; lastKnownFileType = "wrapper.pb-project"; name = tvOS.xcodeproj; path = tvOS/tvOS.xcodeproj; sourceTree = "<group>"; };
		871907E41D921D9A0048A43F /* watchOS.xcodeproj */ = {isa = PBXFileReference; lastKnownFileType = "wrapper.pb-project"; name = watchOS.xcodeproj; path = watchOS/watchOS.xcodeproj; sourceTree = "<group>"; };
		8719080D1D921E0B0048A43F /* LaObjetTests.swift */ = {isa = PBXFileReference; lastKnownFileType = sourcecode.swift; name = LaObjetTests.swift; path = LaObjet/LaObjetTests.swift; sourceTree = "<group>"; };
		871908331D922EB20048A43F /* LaSparse.swift */ = {isa = PBXFileReference; lastKnownFileType = sourcecode.swift; name = LaSparse.swift; path = LaObjet/LaSparse.swift; sourceTree = "<group>"; };
		8719083C1D9230900048A43F /* LaObjet.swift */ = {isa = PBXFileReference; lastKnownFileType = sourcecode.swift; name = LaObjet.swift; path = LaObjet/LaObjet.swift; sourceTree = "<group>"; };
		871908401D92423F0048A43F /* MNIST.swift */ = {isa = PBXFileReference; lastKnownFileType = sourcecode.swift; name = MNIST.swift; path = MNIST/MNIST.swift; sourceTree = "<group>"; };
		871908641D924CF60048A43F /* CIFAR10.swift */ = {isa = PBXFileReference; lastKnownFileType = sourcecode.swift; name = CIFAR10.swift; path = CIFAR10/CIFAR10.swift; sourceTree = "<group>"; };
		8719088A1D9253DD0048A43F /* Context.swift */ = {isa = PBXFileReference; lastKnownFileType = sourcecode.swift; name = Context.swift; path = "C³/Context.swift"; sourceTree = "<group>"; };
		871908911D9253ED0048A43F /* Arcane.swift */ = {isa = PBXFileReference; lastKnownFileType = sourcecode.swift; name = Arcane.swift; path = "C³/Arcane.swift"; sourceTree = "<group>"; };
		871E157D1D952F7600739047 /* RandomNumberGenerator.swift */ = {isa = PBXFileReference; lastKnownFileType = sourcecode.swift; name = RandomNumberGenerator.swift; path = Distribution/RandomNumberGenerator.swift; sourceTree = "<group>"; };
		871E159A1D9530D600739047 /* SymmetricStableDistribution.swift */ = {isa = PBXFileReference; lastKnownFileType = sourcecode.swift; name = SymmetricStableDistribution.swift; path = Distribution/SymmetricStableDistribution.swift; sourceTree = "<group>"; };
		871E15A11D95311A00739047 /* GaussianDistribution.swift */ = {isa = PBXFileReference; lastKnownFileType = sourcecode.swift; name = GaussianDistribution.swift; path = Distribution/GaussianDistribution.swift; sourceTree = "<group>"; };
		871E15A21D95312800739047 /* CauchyDistribution.swift */ = {isa = PBXFileReference; lastKnownFileType = sourcecode.swift; name = CauchyDistribution.swift; path = Distribution/CauchyDistribution.swift; sourceTree = "<group>"; };
		871E15AB1D9539CC00739047 /* Cell.swift */ = {isa = PBXFileReference; lastKnownFileType = sourcecode.swift; name = Cell.swift; path = "C³/Cell.swift"; sourceTree = "<group>"; };
		871E15AE1D953A5C00739047 /* Edge.swift */ = {isa = PBXFileReference; lastKnownFileType = sourcecode.swift; name = Edge.swift; path = "C³/Edge.swift"; sourceTree = "<group>"; };
		871E15BB1D98AE7400739047 /* mtlCauchy.metal */ = {isa = PBXFileReference; lastKnownFileType = sourcecode.metal; name = mtlCauchy.metal; path = Distribution/mtlCauchy.metal; sourceTree = "<group>"; };
		871E15BE1D98B07600739047 /* mtlGauss.metal */ = {isa = PBXFileReference; lastKnownFileType = sourcecode.metal; name = mtlGauss.metal; path = Distribution/mtlGauss.metal; sourceTree = "<group>"; };
		871E15C21D9A01E400739047 /* Optimizer.swift */ = {isa = PBXFileReference; lastKnownFileType = sourcecode.swift; name = Optimizer.swift; path = Optimizer/Optimizer.swift; sourceTree = "<group>"; };
		871E15E31D9A065900739047 /* Momentum.swift */ = {isa = PBXFileReference; lastKnownFileType = sourcecode.swift; name = Momentum.swift; path = Optimizer/Momentum.swift; sourceTree = "<group>"; };
		871E16111D9A181600739047 /* Maschine.swift */ = {isa = PBXFileReference; lastKnownFileType = sourcecode.swift; name = Maschine.swift; path = Maschine/Maschine.swift; sourceTree = "<group>"; };
		871E16121D9A183200739047 /* MaschineTests.swift */ = {isa = PBXFileReference; lastKnownFileType = sourcecode.swift; name = MaschineTests.swift; path = Maschine/MaschineTests.swift; sourceTree = "<group>"; };
		871E16131D9A184400739047 /* mtlMachineTests.metal */ = {isa = PBXFileReference; lastKnownFileType = sourcecode.metal; name = mtlMachineTests.metal; path = Maschine/mtlMachineTests.metal; sourceTree = "<group>"; };
		871E16241D9A18F100739047 /* Buffer.swift */ = {isa = PBXFileReference; lastKnownFileType = sourcecode.swift; name = Buffer.swift; path = Maschine/Buffer.swift; sourceTree = "<group>"; };
		871E16271D9A191F00739047 /* Command.swift */ = {isa = PBXFileReference; lastKnownFileType = sourcecode.swift; name = Command.swift; path = Maschine/Command.swift; sourceTree = "<group>"; };
		871E162A1D9A342A00739047 /* ComputeCommand.swift */ = {isa = PBXFileReference; lastKnownFileType = sourcecode.swift; name = ComputeCommand.swift; path = Maschine/ComputeCommand.swift; sourceTree = "<group>"; };
		871E162D1D9A385500739047 /* Texture.swift */ = {isa = PBXFileReference; lastKnownFileType = sourcecode.swift; name = Texture.swift; path = Maschine/Texture.swift; sourceTree = "<group>"; };
		871E162E1D9A386000739047 /* Sampler.swift */ = {isa = PBXFileReference; lastKnownFileType = sourcecode.swift; name = Sampler.swift; path = Maschine/Sampler.swift; sourceTree = "<group>"; };
		871E163B1D9A4EE400739047 /* ComputePipelineState.swift */ = {isa = PBXFileReference; lastKnownFileType = sourcecode.swift; name = ComputePipelineState.swift; path = Maschine/ComputePipelineState.swift; sourceTree = "<group>"; };
		871E163E1D9A670F00739047 /* mtlMomentum.metal */ = {isa = PBXFileReference; lastKnownFileType = sourcecode.metal; name = mtlMomentum.metal; path = Optimizer/mtlMomentum.metal; sourceTree = "<group>"; };
		871E163F1D9A670F00739047 /* mtlStochasticGradientDescent.metal */ = {isa = PBXFileReference; lastKnownFileType = sourcecode.metal; name = mtlStochasticGradientDescent.metal; path = Optimizer/mtlStochasticGradientDescent.metal; sourceTree = "<group>"; };
		871E16401D9A670F00739047 /* StochasticGradientDescent.swift */ = {isa = PBXFileReference; lastKnownFileType = sourcecode.swift; name = StochasticGradientDescent.swift; path = Optimizer/StochasticGradientDescent.swift; sourceTree = "<group>"; };
		871E16451D9A75E400739047 /* OptimizerTests.swift */ = {isa = PBXFileReference; lastKnownFileType = sourcecode.swift; name = OptimizerTests.swift; path = Optimizer/OptimizerTests.swift; sourceTree = "<group>"; };
		871E16481D9A7A7E00739047 /* mtlOptimizerTests.metal */ = {isa = PBXFileReference; lastKnownFileType = sourcecode.metal; name = mtlOptimizerTests.metal; path = Optimizer/mtlOptimizerTests.metal; sourceTree = "<group>"; };
		87460CA91DA3CEAC00E779CA /* GaussianDistributionTests.swift */ = {isa = PBXFileReference; lastKnownFileType = sourcecode.swift; name = GaussianDistributionTests.swift; path = Distribution/GaussianDistributionTests.swift; sourceTree = "<group>"; };
		87460CBC1DA49C0000E779CA /* mtlCell.metal */ = {isa = PBXFileReference; lastKnownFileType = sourcecode.metal; name = mtlCell.metal; path = "C³/mtlCell.metal"; sourceTree = "<group>"; };
		875297F11DA2637500F28C50 /* mtlArcane.metal */ = {isa = PBXFileReference; lastKnownFileType = sourcecode.metal; name = mtlArcane.metal; path = "C³/mtlArcane.metal"; sourceTree = "<group>"; };
		875298041DA2669100F28C50 /* Decay.swift */ = {isa = PBXFileReference; lastKnownFileType = sourcecode.swift; name = Decay.swift; path = "C³/Decay.swift"; sourceTree = "<group>"; };
		875298131DA3472600F28C50 /* C³.xcdatamodel */ = {isa = PBXFileReference; lastKnownFileType = wrapper.xcdatamodel; path = "C³.xcdatamodel"; sourceTree = "<group>"; };
		8752981A1DA354A600F28C50 /* mtlRMSProp.metal */ = {isa = PBXFileReference; lastKnownFileType = sourcecode.metal; name = mtlRMSProp.metal; path = Optimizer/mtlRMSProp.metal; sourceTree = "<group>"; };
		8752981B1DA354BE00F28C50 /* RMSProp.swift */ = {isa = PBXFileReference; lastKnownFileType = sourcecode.swift; name = RMSProp.swift; path = Optimizer/RMSProp.swift; sourceTree = "<group>"; };
		875298241DA35B2100F28C50 /* AdaDelta.swift */ = {isa = PBXFileReference; lastKnownFileType = sourcecode.swift; name = AdaDelta.swift; path = Optimizer/AdaDelta.swift; sourceTree = "<group>"; };
		875298251DA35B2D00F28C50 /* mtlAdaDelta.metal */ = {isa = PBXFileReference; lastKnownFileType = sourcecode.metal; name = mtlAdaDelta.metal; path = Optimizer/mtlAdaDelta.metal; sourceTree = "<group>"; };
		875298471DA3723800F28C50 /* Brass.swift */ = {isa = PBXFileReference; lastKnownFileType = sourcecode.swift; name = Brass.swift; path = Brass/Brass.swift; sourceTree = "<group>"; };
		8752984E1DA3724200F28C50 /* mtlBrass.metal */ = {isa = PBXFileReference; lastKnownFileType = sourcecode.metal; name = mtlBrass.metal; path = Brass/mtlBrass.metal; sourceTree = "<group>"; };
		875298531DA37D2500F28C50 /* BrassTests.swift */ = {isa = PBXFileReference; lastKnownFileType = sourcecode.swift; name = BrassTests.swift; path = Brass/BrassTests.swift; sourceTree = "<group>"; };
		8762339C1D9E6A2500E7D001 /* LaÉlément.swift */ = {isa = PBXFileReference; lastKnownFileType = sourcecode.swift; name = "LaÉlément.swift"; path = "LaObjet/LaÉlément.swift"; sourceTree = "<group>"; };
		8766AEA21D9CCC6B00FC7FE6 /* BlitCommand.swift */ = {isa = PBXFileReference; lastKnownFileType = sourcecode.swift; name = BlitCommand.swift; path = Maschine/BlitCommand.swift; sourceTree = "<group>"; };
		8766AEA51D9CD43500FC7FE6 /* DegenerateDistribution.swift */ = {isa = PBXFileReference; lastKnownFileType = sourcecode.swift; name = DegenerateDistribution.swift; path = Distribution/DegenerateDistribution.swift; sourceTree = "<group>"; };
		87CDF7301DA21FCA0056FC89 /* RingBuffer.swift */ = {isa = PBXFileReference; lastKnownFileType = sourcecode.swift; name = RingBuffer.swift; path = "C³/RingBuffer.swift"; sourceTree = "<group>"; };
		87CDF7441DA234D00056FC89 /* ContextTests.swift */ = {isa = PBXFileReference; lastKnownFileType = sourcecode.swift; name = ContextTests.swift; path = "C³/ContextTests.swift"; sourceTree = "<group>"; };
		87CDF7471DA246EA0056FC89 /* Bias.swift */ = {isa = PBXFileReference; lastKnownFileType = sourcecode.swift; name = Bias.swift; path = "C³/Bias.swift"; sourceTree = "<group>"; };
/* End PBXFileReference section */

/* Begin PBXGroup section */
		871907B81D921CCA0048A43F = {
			isa = PBXGroup;
			children = (
				871907E81D921DA60048A43F /* C³ */,
				871907E71D921DA00048A43F /* LaObjet */,
				8752982A1DA371D700F28C50 /* Brass */,
				871E160A1D9A17F800739047 /* Maschine */,
				871E15C11D9A011A00739047 /* Optimizer */,
				871E15721D952F2A00739047 /* Distribution */,
				8719083F1D92421E0048A43F /* MNIST */,
				8719085D1D924CD00048A43F /* CIFAR10 */,
				871907E41D921D9A0048A43F /* watchOS.xcodeproj */,
				871907DA1D921D840048A43F /* tvOS.xcodeproj */,
				871907D01D921D750048A43F /* iOS.xcodeproj */,
				871907C61D921D570048A43F /* macOS.xcodeproj */,
			);
			sourceTree = "<group>";
		};
		871907C71D921D570048A43F /* Products */ = {
			isa = PBXGroup;
			children = (
				8719088E1D9253DE0048A43F /* C3.framework */,
				871908901D9253DE0048A43F /* C3Tests.xctest */,
				871E159E1D9530D600739047 /* Distribution.framework */,
				871E15A01D9530D600739047 /* DistributionTests.xctest */,
				871E15E71D9A065B00739047 /* Optimizer.framework */,
				871E15E91D9A065B00739047 /* OptimizerTests.xctest */,
				871E160E1D9A17F900739047 /* Maschine.framework */,
				871E16101D9A17F900739047 /* MaschineTests.xctest */,
				8752984B1DA3723900F28C50 /* Brass.framework */,
				8752984D1DA3723900F28C50 /* BrassTests.xctest */,
				8719080A1D921DE80048A43F /* LaObjet.framework */,
				8719080C1D921DE80048A43F /* LaObjetTests.xctest */,
				871908631D924CD00048A43F /* CIFAR10.framework */,
				871908611D924CD00048A43F /* MNIST.framework */,
			);
			name = Products;
			sourceTree = "<group>";
		};
		871907D11D921D750048A43F /* Products */ = {
			isa = PBXGroup;
			children = (
				871908371D922EB30048A43F /* LaObjets.framework */,
				871908391D922EB30048A43F /* LaObjetsTests.xctest */,
			);
			name = Products;
			sourceTree = "<group>";
		};
		871907DB1D921D840048A43F /* Products */ = {
			isa = PBXGroup;
			children = (
			);
			name = Products;
			sourceTree = "<group>";
		};
		871907E51D921D9A0048A43F /* Products */ = {
			isa = PBXGroup;
			children = (
			);
			name = Products;
			sourceTree = "<group>";
		};
		871907E71D921DA00048A43F /* LaObjet */ = {
			isa = PBXGroup;
			children = (
				8719080D1D921E0B0048A43F /* LaObjetTests.swift */,
				8719083C1D9230900048A43F /* LaObjet.swift */,
				871908331D922EB20048A43F /* LaSparse.swift */,
				8762339C1D9E6A2500E7D001 /* LaÉlément.swift */,
			);
			name = LaObjet;
			sourceTree = "<group>";
		};
		871907E81D921DA60048A43F /* C³ */ = {
			isa = PBXGroup;
			children = (
				875298121DA3472600F28C50 /* C³.xcdatamodeld */,
				8719088A1D9253DD0048A43F /* Context.swift */,
				871908911D9253ED0048A43F /* Arcane.swift */,
				87CDF7471DA246EA0056FC89 /* Bias.swift */,
				871E15AB1D9539CC00739047 /* Cell.swift */,
				875298041DA2669100F28C50 /* Decay.swift */,
				871E15AE1D953A5C00739047 /* Edge.swift */,
				87CDF7301DA21FCA0056FC89 /* RingBuffer.swift */,
				875297F11DA2637500F28C50 /* mtlArcane.metal */,
				87460CBC1DA49C0000E779CA /* mtlCell.metal */,
				87CDF7441DA234D00056FC89 /* ContextTests.swift */,
			);
			name = "C³";
			sourceTree = "<group>";
		};
		8719083F1D92421E0048A43F /* MNIST */ = {
			isa = PBXGroup;
			children = (
				871908401D92423F0048A43F /* MNIST.swift */,
			);
			name = MNIST;
			sourceTree = "<group>";
		};
		8719085D1D924CD00048A43F /* CIFAR10 */ = {
			isa = PBXGroup;
			children = (
				871908641D924CF60048A43F /* CIFAR10.swift */,
			);
			name = CIFAR10;
			sourceTree = "<group>";
		};
		871E15721D952F2A00739047 /* Distribution */ = {
			isa = PBXGroup;
			children = (
				871E157D1D952F7600739047 /* RandomNumberGenerator.swift */,
				871E159A1D9530D600739047 /* SymmetricStableDistribution.swift */,
				8766AEA51D9CD43500FC7FE6 /* DegenerateDistribution.swift */,
				871E15A21D95312800739047 /* CauchyDistribution.swift */,
				871E15A11D95311A00739047 /* GaussianDistribution.swift */,
				871E15BB1D98AE7400739047 /* mtlCauchy.metal */,
				871E15BE1D98B07600739047 /* mtlGauss.metal */,
				87460CA91DA3CEAC00E779CA /* GaussianDistributionTests.swift */,
			);
			name = Distribution;
			sourceTree = "<group>";
		};
		871E15C11D9A011A00739047 /* Optimizer */ = {
			isa = PBXGroup;
			children = (
				875298231DA35B0E00F28C50 /* Tests */,
				8752981C1DA354C300F28C50 /* SGD */,
				875298191DA3549100F28C50 /* RMSProp */,
				875298221DA35AFF00F28C50 /* Momentum */,
				875298211DA35AF700F28C50 /* AdaDelta */,
				871E15C21D9A01E400739047 /* Optimizer.swift */,
			);
			name = Optimizer;
			sourceTree = "<group>";
		};
		871E160A1D9A17F800739047 /* Maschine */ = {
			isa = PBXGroup;
			children = (
				871E16111D9A181600739047 /* Maschine.swift */,
				871E16241D9A18F100739047 /* Buffer.swift */,
				871E162D1D9A385500739047 /* Texture.swift */,
				871E162E1D9A386000739047 /* Sampler.swift */,
				871E16271D9A191F00739047 /* Command.swift */,
				871E162A1D9A342A00739047 /* ComputeCommand.swift */,
				8766AEA21D9CCC6B00FC7FE6 /* BlitCommand.swift */,
				871E16121D9A183200739047 /* MaschineTests.swift */,
				871E163B1D9A4EE400739047 /* ComputePipelineState.swift */,
				871E16131D9A184400739047 /* mtlMachineTests.metal */,
			);
			name = Maschine;
			sourceTree = "<group>";
		};
		875298191DA3549100F28C50 /* RMSProp */ = {
			isa = PBXGroup;
			children = (
				8752981B1DA354BE00F28C50 /* RMSProp.swift */,
				8752981A1DA354A600F28C50 /* mtlRMSProp.metal */,
			);
			name = RMSProp;
			sourceTree = "<group>";
		};
		8752981C1DA354C300F28C50 /* SGD */ = {
			isa = PBXGroup;
			children = (
				871E16401D9A670F00739047 /* StochasticGradientDescent.swift */,
				871E163F1D9A670F00739047 /* mtlStochasticGradientDescent.metal */,
			);
			name = SGD;
			sourceTree = "<group>";
		};
		875298211DA35AF700F28C50 /* AdaDelta */ = {
			isa = PBXGroup;
			children = (
				875298241DA35B2100F28C50 /* AdaDelta.swift */,
				875298251DA35B2D00F28C50 /* mtlAdaDelta.metal */,
			);
			name = AdaDelta;
			sourceTree = "<group>";
		};
		875298221DA35AFF00F28C50 /* Momentum */ = {
			isa = PBXGroup;
			children = (
				871E15E31D9A065900739047 /* Momentum.swift */,
				871E163E1D9A670F00739047 /* mtlMomentum.metal */,
			);
			name = Momentum;
			sourceTree = "<group>";
		};
		875298231DA35B0E00F28C50 /* Tests */ = {
			isa = PBXGroup;
			children = (
				871E16481D9A7A7E00739047 /* mtlOptimizerTests.metal */,
				871E16451D9A75E400739047 /* OptimizerTests.swift */,
			);
			name = Tests;
			sourceTree = "<group>";
		};
		8752982A1DA371D700F28C50 /* Brass */ = {
			isa = PBXGroup;
			children = (
				875298471DA3723800F28C50 /* Brass.swift */,
				8752984E1DA3724200F28C50 /* mtlBrass.metal */,
				875298531DA37D2500F28C50 /* BrassTests.swift */,
			);
			name = Brass;
			sourceTree = "<group>";
		};
/* End PBXGroup section */

/* Begin PBXProject section */
		871907B91D921CCA0048A43F /* Project object */ = {
			isa = PBXProject;
			attributes = {
				LastUpgradeCheck = 0800;
			};
			buildConfigurationList = 871907BC1D921CCA0048A43F /* Build configuration list for PBXProject "C³" */;
			compatibilityVersion = "Xcode 3.2";
			developmentRegion = English;
			hasScannedForEncodings = 0;
			knownRegions = (
				en,
			);
			mainGroup = 871907B81D921CCA0048A43F;
			projectDirPath = "";
			projectReferences = (
				{
					ProductGroup = 871907D11D921D750048A43F /* Products */;
					ProjectRef = 871907D01D921D750048A43F /* iOS.xcodeproj */;
				},
				{
					ProductGroup = 871907C71D921D570048A43F /* Products */;
					ProjectRef = 871907C61D921D570048A43F /* macOS.xcodeproj */;
				},
				{
					ProductGroup = 871907DB1D921D840048A43F /* Products */;
					ProjectRef = 871907DA1D921D840048A43F /* tvOS.xcodeproj */;
				},
				{
					ProductGroup = 871907E51D921D9A0048A43F /* Products */;
					ProjectRef = 871907E41D921D9A0048A43F /* watchOS.xcodeproj */;
				},
			);
			projectRoot = "";
			targets = (
			);
		};
/* End PBXProject section */

/* Begin PBXReferenceProxy section */
		8719080A1D921DE80048A43F /* LaObjet.framework */ = {
			isa = PBXReferenceProxy;
			fileType = wrapper.framework;
			path = LaObjet.framework;
			remoteRef = 871908091D921DE80048A43F /* PBXContainerItemProxy */;
			sourceTree = BUILT_PRODUCTS_DIR;
		};
		8719080C1D921DE80048A43F /* LaObjetTests.xctest */ = {
			isa = PBXReferenceProxy;
			fileType = wrapper.cfbundle;
			path = LaObjetTests.xctest;
			remoteRef = 8719080B1D921DE80048A43F /* PBXContainerItemProxy */;
			sourceTree = BUILT_PRODUCTS_DIR;
		};
		871908371D922EB30048A43F /* LaObjets.framework */ = {
			isa = PBXReferenceProxy;
			fileType = wrapper.framework;
			path = LaObjets.framework;
			remoteRef = 871908361D922EB30048A43F /* PBXContainerItemProxy */;
			sourceTree = BUILT_PRODUCTS_DIR;
		};
		871908391D922EB30048A43F /* LaObjetsTests.xctest */ = {
			isa = PBXReferenceProxy;
			fileType = wrapper.cfbundle;
			path = LaObjetsTests.xctest;
			remoteRef = 871908381D922EB30048A43F /* PBXContainerItemProxy */;
			sourceTree = BUILT_PRODUCTS_DIR;
		};
		871908611D924CD00048A43F /* MNIST.framework */ = {
			isa = PBXReferenceProxy;
			fileType = wrapper.framework;
			path = MNIST.framework;
			remoteRef = 871908601D924CD00048A43F /* PBXContainerItemProxy */;
			sourceTree = BUILT_PRODUCTS_DIR;
		};
		871908631D924CD00048A43F /* CIFAR10.framework */ = {
			isa = PBXReferenceProxy;
			fileType = wrapper.framework;
			path = CIFAR10.framework;
			remoteRef = 871908621D924CD00048A43F /* PBXContainerItemProxy */;
			sourceTree = BUILT_PRODUCTS_DIR;
		};
		8719088E1D9253DE0048A43F /* C3.framework */ = {
			isa = PBXReferenceProxy;
			fileType = wrapper.framework;
			path = C3.framework;
			remoteRef = 8719088D1D9253DE0048A43F /* PBXContainerItemProxy */;
			sourceTree = BUILT_PRODUCTS_DIR;
		};
		871908901D9253DE0048A43F /* C3Tests.xctest */ = {
			isa = PBXReferenceProxy;
			fileType = wrapper.cfbundle;
			path = C3Tests.xctest;
			remoteRef = 8719088F1D9253DE0048A43F /* PBXContainerItemProxy */;
			sourceTree = BUILT_PRODUCTS_DIR;
		};
		871E159E1D9530D600739047 /* Distribution.framework */ = {
			isa = PBXReferenceProxy;
			fileType = wrapper.framework;
			path = Distribution.framework;
			remoteRef = 871E159D1D9530D600739047 /* PBXContainerItemProxy */;
			sourceTree = BUILT_PRODUCTS_DIR;
		};
		871E15A01D9530D600739047 /* DistributionTests.xctest */ = {
			isa = PBXReferenceProxy;
			fileType = wrapper.cfbundle;
			path = DistributionTests.xctest;
			remoteRef = 871E159F1D9530D600739047 /* PBXContainerItemProxy */;
			sourceTree = BUILT_PRODUCTS_DIR;
		};
		871E15E71D9A065B00739047 /* Optimizer.framework */ = {
			isa = PBXReferenceProxy;
			fileType = wrapper.framework;
			path = Optimizer.framework;
			remoteRef = 871E15E61D9A065B00739047 /* PBXContainerItemProxy */;
			sourceTree = BUILT_PRODUCTS_DIR;
		};
		871E15E91D9A065B00739047 /* OptimizerTests.xctest */ = {
			isa = PBXReferenceProxy;
			fileType = wrapper.cfbundle;
			path = OptimizerTests.xctest;
			remoteRef = 871E15E81D9A065B00739047 /* PBXContainerItemProxy */;
			sourceTree = BUILT_PRODUCTS_DIR;
		};
		871E160E1D9A17F900739047 /* Maschine.framework */ = {
			isa = PBXReferenceProxy;
			fileType = wrapper.framework;
			path = Maschine.framework;
			remoteRef = 871E160D1D9A17F900739047 /* PBXContainerItemProxy */;
			sourceTree = BUILT_PRODUCTS_DIR;
		};
		871E16101D9A17F900739047 /* MaschineTests.xctest */ = {
			isa = PBXReferenceProxy;
			fileType = wrapper.cfbundle;
			path = MaschineTests.xctest;
			remoteRef = 871E160F1D9A17F900739047 /* PBXContainerItemProxy */;
			sourceTree = BUILT_PRODUCTS_DIR;
		};
		8752984B1DA3723900F28C50 /* Brass.framework */ = {
			isa = PBXReferenceProxy;
			fileType = wrapper.framework;
			path = Brass.framework;
			remoteRef = 8752984A1DA3723900F28C50 /* PBXContainerItemProxy */;
			sourceTree = BUILT_PRODUCTS_DIR;
		};
		8752984D1DA3723900F28C50 /* BrassTests.xctest */ = {
			isa = PBXReferenceProxy;
			fileType = wrapper.cfbundle;
			path = BrassTests.xctest;
			remoteRef = 8752984C1DA3723900F28C50 /* PBXContainerItemProxy */;
			sourceTree = BUILT_PRODUCTS_DIR;
		};
/* End PBXReferenceProxy section */

/* Begin XCBuildConfiguration section */
		871907BD1D921CCA0048A43F /* Debug */ = {
			isa = XCBuildConfiguration;
			buildSettings = {
			};
			name = Debug;
		};
		871907BE1D921CCA0048A43F /* Release */ = {
			isa = XCBuildConfiguration;
			buildSettings = {
			};
			name = Release;
		};
/* End XCBuildConfiguration section */

/* Begin XCConfigurationList section */
		871907BC1D921CCA0048A43F /* Build configuration list for PBXProject "C³" */ = {
			isa = XCConfigurationList;
			buildConfigurations = (
				871907BD1D921CCA0048A43F /* Debug */,
				871907BE1D921CCA0048A43F /* Release */,
			);
			defaultConfigurationIsVisible = 0;
			defaultConfigurationName = Release;
		};
/* End XCConfigurationList section */

/* Begin XCVersionGroup section */
		875298121DA3472600F28C50 /* C³.xcdatamodeld */ = {
			isa = XCVersionGroup;
			children = (
				875298131DA3472600F28C50 /* C³.xcdatamodel */,
			);
			currentVersion = 875298131DA3472600F28C50 /* C³.xcdatamodel */;
			name = "C³.xcdatamodeld";
			path = "C³/C³.xcdatamodeld";
			sourceTree = "<group>";
			versionGroupType = wrapper.xcdatamodel;
		};
/* End XCVersionGroup section */
	};
	rootObject = 871907B91D921CCA0048A43F /* Project object */;
}
